// !$*UTF8*$!
{
	archiveVersion = 1;
	classes = {
	};
	objectVersion = 50;
	objects = {

/* Begin PBXBuildFile section */
		190703D120934EA800B743A1 /* AppDelegate.swift in Sources */ = {isa = PBXBuildFile; fileRef = 190703D020934EA800B743A1 /* AppDelegate.swift */; };
		190703D820934EB700B743A1 /* Assets.xcassets in Resources */ = {isa = PBXBuildFile; fileRef = 190703D720934EB700B743A1 /* Assets.xcassets */; };
		190703DB20934EB700B743A1 /* LaunchScreen.storyboard in Resources */ = {isa = PBXBuildFile; fileRef = 190703D920934EB700B743A1 /* LaunchScreen.storyboard */; };
		190703E620934EB700B743A1 /* TrainingTests.swift in Sources */ = {isa = PBXBuildFile; fileRef = 190703E520934EB700B743A1 /* TrainingTests.swift */; };
		190703F120934EB700B743A1 /* TrainingUITests.swift in Sources */ = {isa = PBXBuildFile; fileRef = 190703F020934EB700B743A1 /* TrainingUITests.swift */; };
		1910D54A209615110006A563 /* First.storyboard in Resources */ = {isa = PBXBuildFile; fileRef = 1910D549209615110006A563 /* First.storyboard */; };
		1910D54C209616640006A563 /* FirstViewController.swift in Sources */ = {isa = PBXBuildFile; fileRef = 1910D54B209616640006A563 /* FirstViewController.swift */; };
		1910D558209626780006A563 /* NextButton.swift in Sources */ = {isa = PBXBuildFile; fileRef = 1910D557209626780006A563 /* NextButton.swift */; };
		19173ACC209B2A5D00CFA08F /* FirstView.swift in Sources */ = {isa = PBXBuildFile; fileRef = 19173ACB209B2A5D00CFA08F /* FirstView.swift */; };
		1942FDE32096CE7D00582E27 /* PrevButton.swift in Sources */ = {isa = PBXBuildFile; fileRef = 1942FDE22096CE7D00582E27 /* PrevButton.swift */; };
		1958C5122095701900F61913 /* TestLabel.swift in Sources */ = {isa = PBXBuildFile; fileRef = 1958C5112095701900F61913 /* TestLabel.swift */; };
		19E4CFC120943FF400FD129E /* Lyrics.txt in Resources */ = {isa = PBXBuildFile; fileRef = 19E4CFC020943FF400FD129E /* Lyrics.txt */; };
/* End PBXBuildFile section */

/* Begin PBXContainerItemProxy section */
		190703E220934EB700B743A1 /* PBXContainerItemProxy */ = {
			isa = PBXContainerItemProxy;
			containerPortal = 190703C520934EA800B743A1 /* Project object */;
			proxyType = 1;
			remoteGlobalIDString = 190703CC20934EA800B743A1;
			remoteInfo = Training;
		};
		190703ED20934EB700B743A1 /* PBXContainerItemProxy */ = {
			isa = PBXContainerItemProxy;
			containerPortal = 190703C520934EA800B743A1 /* Project object */;
			proxyType = 1;
			remoteGlobalIDString = 190703CC20934EA800B743A1;
			remoteInfo = Training;
		};
/* End PBXContainerItemProxy section */

/* Begin PBXFileReference section */
		190703CD20934EA800B743A1 /* Training.app */ = {isa = PBXFileReference; explicitFileType = wrapper.application; includeInIndex = 0; path = Training.app; sourceTree = BUILT_PRODUCTS_DIR; };
		190703D020934EA800B743A1 /* AppDelegate.swift */ = {isa = PBXFileReference; lastKnownFileType = sourcecode.swift; path = AppDelegate.swift; sourceTree = "<group>"; };
		190703D720934EB700B743A1 /* Assets.xcassets */ = {isa = PBXFileReference; lastKnownFileType = folder.assetcatalog; path = Assets.xcassets; sourceTree = "<group>"; };
		190703DA20934EB700B743A1 /* Base */ = {isa = PBXFileReference; lastKnownFileType = file.storyboard; name = Base; path = Base.lproj/LaunchScreen.storyboard; sourceTree = "<group>"; };
		190703DC20934EB700B743A1 /* Info.plist */ = {isa = PBXFileReference; lastKnownFileType = text.plist.xml; path = Info.plist; sourceTree = "<group>"; };
		190703E120934EB700B743A1 /* TrainingTests.xctest */ = {isa = PBXFileReference; explicitFileType = wrapper.cfbundle; includeInIndex = 0; path = TrainingTests.xctest; sourceTree = BUILT_PRODUCTS_DIR; };
		190703E520934EB700B743A1 /* TrainingTests.swift */ = {isa = PBXFileReference; lastKnownFileType = sourcecode.swift; path = TrainingTests.swift; sourceTree = "<group>"; };
		190703E720934EB700B743A1 /* Info.plist */ = {isa = PBXFileReference; lastKnownFileType = text.plist.xml; path = Info.plist; sourceTree = "<group>"; };
		190703EC20934EB700B743A1 /* TrainingUITests.xctest */ = {isa = PBXFileReference; explicitFileType = wrapper.cfbundle; includeInIndex = 0; path = TrainingUITests.xctest; sourceTree = BUILT_PRODUCTS_DIR; };
		190703F020934EB700B743A1 /* TrainingUITests.swift */ = {isa = PBXFileReference; lastKnownFileType = sourcecode.swift; path = TrainingUITests.swift; sourceTree = "<group>"; };
		190703F220934EB700B743A1 /* Info.plist */ = {isa = PBXFileReference; lastKnownFileType = text.plist.xml; path = Info.plist; sourceTree = "<group>"; };
		1910D549209615110006A563 /* First.storyboard */ = {isa = PBXFileReference; lastKnownFileType = file.storyboard; path = First.storyboard; sourceTree = "<group>"; };
		1910D54B209616640006A563 /* FirstViewController.swift */ = {isa = PBXFileReference; lastKnownFileType = sourcecode.swift; path = FirstViewController.swift; sourceTree = "<group>"; };
		1910D557209626780006A563 /* NextButton.swift */ = {isa = PBXFileReference; lastKnownFileType = sourcecode.swift; path = NextButton.swift; sourceTree = "<group>"; };
		19173ACB209B2A5D00CFA08F /* FirstView.swift */ = {isa = PBXFileReference; lastKnownFileType = sourcecode.swift; path = FirstView.swift; sourceTree = "<group>"; };
		1942FDE22096CE7D00582E27 /* PrevButton.swift */ = {isa = PBXFileReference; lastKnownFileType = sourcecode.swift; path = PrevButton.swift; sourceTree = "<group>"; };
		1958C5112095701900F61913 /* TestLabel.swift */ = {isa = PBXFileReference; lastKnownFileType = sourcecode.swift; path = TestLabel.swift; sourceTree = "<group>"; };
		19E4CFC020943FF400FD129E /* Lyrics.txt */ = {isa = PBXFileReference; lastKnownFileType = text; path = Lyrics.txt; sourceTree = "<group>"; };
/* End PBXFileReference section */

/* Begin PBXFrameworksBuildPhase section */
		190703CA20934EA800B743A1 /* Frameworks */ = {
			isa = PBXFrameworksBuildPhase;
			buildActionMask = 2147483647;
			files = (
			);
			runOnlyForDeploymentPostprocessing = 0;
		};
		190703DE20934EB700B743A1 /* Frameworks */ = {
			isa = PBXFrameworksBuildPhase;
			buildActionMask = 2147483647;
			files = (
			);
			runOnlyForDeploymentPostprocessing = 0;
		};
		190703E920934EB700B743A1 /* Frameworks */ = {
			isa = PBXFrameworksBuildPhase;
			buildActionMask = 2147483647;
			files = (
			);
			runOnlyForDeploymentPostprocessing = 0;
		};
/* End PBXFrameworksBuildPhase section */

/* Begin PBXGroup section */
		190703C420934EA800B743A1 = {
			isa = PBXGroup;
			children = (
				190703CF20934EA800B743A1 /* Training */,
				190703E420934EB700B743A1 /* TrainingTests */,
				190703EF20934EB700B743A1 /* TrainingUITests */,
				190703CE20934EA800B743A1 /* Products */,
			);
			sourceTree = "<group>";
		};
		190703CE20934EA800B743A1 /* Products */ = {
			isa = PBXGroup;
			children = (
				190703CD20934EA800B743A1 /* Training.app */,
				190703E120934EB700B743A1 /* TrainingTests.xctest */,
				190703EC20934EB700B743A1 /* TrainingUITests.xctest */,
			);
			name = Products;
			sourceTree = "<group>";
		};
		190703CF20934EA800B743A1 /* Training */ = {
			isa = PBXGroup;
			children = (
				19173ACA209B2A2E00CFA08F /* Main */,
				1910D559209633FB0006A563 /* ViewController */,
				1910D54D209619BA0006A563 /* StoryBoard */,
				1958C51020956FF300F61913 /* UIPart */,
				190703D020934EA800B743A1 /* AppDelegate.swift */,
				190703D720934EB700B743A1 /* Assets.xcassets */,
				190703DC20934EB700B743A1 /* Info.plist */,
				19E4CFC020943FF400FD129E /* Lyrics.txt */,
			);
			path = Training;
			sourceTree = "<group>";
		};
		190703E420934EB700B743A1 /* TrainingTests */ = {
			isa = PBXGroup;
			children = (
				190703E520934EB700B743A1 /* TrainingTests.swift */,
				190703E720934EB700B743A1 /* Info.plist */,
			);
			path = TrainingTests;
			sourceTree = "<group>";
		};
		190703EF20934EB700B743A1 /* TrainingUITests */ = {
			isa = PBXGroup;
			children = (
				190703F020934EB700B743A1 /* TrainingUITests.swift */,
				190703F220934EB700B743A1 /* Info.plist */,
			);
			path = TrainingUITests;
			sourceTree = "<group>";
		};
		1910D54D209619BA0006A563 /* StoryBoard */ = {
			isa = PBXGroup;
			children = (
				190703D920934EB700B743A1 /* LaunchScreen.storyboard */,
				1910D549209615110006A563 /* First.storyboard */,
			);
			path = StoryBoard;
			sourceTree = "<group>";
		};
		1910D559209633FB0006A563 /* ViewController */ = {
			isa = PBXGroup;
			children = (
				1910D54B209616640006A563 /* FirstViewController.swift */,
			);
			path = ViewController;
			sourceTree = "<group>";
		};
		19173ACA209B2A2E00CFA08F /* Main */ = {
			isa = PBXGroup;
			children = (
				19173ACB209B2A5D00CFA08F /* FirstView.swift */,
			);
			path = Main;
			sourceTree = "<group>";
		};
		1958C51020956FF300F61913 /* UIPart */ = {
			isa = PBXGroup;
			children = (
				1958C5112095701900F61913 /* TestLabel.swift */,
				1910D557209626780006A563 /* NextButton.swift */,
				1942FDE22096CE7D00582E27 /* PrevButton.swift */,
			);
			path = UIPart;
			sourceTree = "<group>";
		};
/* End PBXGroup section */

/* Begin PBXNativeTarget section */
		190703CC20934EA800B743A1 /* Training */ = {
			isa = PBXNativeTarget;
			buildConfigurationList = 190703F520934EB700B743A1 /* Build configuration list for PBXNativeTarget "Training" */;
			buildPhases = (
				190703C920934EA800B743A1 /* Sources */,
				190703CA20934EA800B743A1 /* Frameworks */,
				190703CB20934EA800B743A1 /* Resources */,
			);
			buildRules = (
			);
			dependencies = (
			);
			name = Training;
			productName = Training;
			productReference = 190703CD20934EA800B743A1 /* Training.app */;
			productType = "com.apple.product-type.application";
		};
		190703E020934EB700B743A1 /* TrainingTests */ = {
			isa = PBXNativeTarget;
			buildConfigurationList = 190703F820934EB700B743A1 /* Build configuration list for PBXNativeTarget "TrainingTests" */;
			buildPhases = (
				190703DD20934EB700B743A1 /* Sources */,
				190703DE20934EB700B743A1 /* Frameworks */,
				190703DF20934EB700B743A1 /* Resources */,
			);
			buildRules = (
			);
			dependencies = (
				190703E320934EB700B743A1 /* PBXTargetDependency */,
			);
			name = TrainingTests;
			productName = TrainingTests;
			productReference = 190703E120934EB700B743A1 /* TrainingTests.xctest */;
			productType = "com.apple.product-type.bundle.unit-test";
		};
		190703EB20934EB700B743A1 /* TrainingUITests */ = {
			isa = PBXNativeTarget;
			buildConfigurationList = 190703FB20934EB700B743A1 /* Build configuration list for PBXNativeTarget "TrainingUITests" */;
			buildPhases = (
				190703E820934EB700B743A1 /* Sources */,
				190703E920934EB700B743A1 /* Frameworks */,
				190703EA20934EB700B743A1 /* Resources */,
			);
			buildRules = (
			);
			dependencies = (
				190703EE20934EB700B743A1 /* PBXTargetDependency */,
			);
			name = TrainingUITests;
			productName = TrainingUITests;
			productReference = 190703EC20934EB700B743A1 /* TrainingUITests.xctest */;
			productType = "com.apple.product-type.bundle.ui-testing";
		};
/* End PBXNativeTarget section */

/* Begin PBXProject section */
		190703C520934EA800B743A1 /* Project object */ = {
			isa = PBXProject;
			attributes = {
				LastSwiftUpdateCheck = 0930;
				LastUpgradeCheck = 0930;
				ORGANIZATIONNAME = "内藤生真";
				TargetAttributes = {
					190703CC20934EA800B743A1 = {
						CreatedOnToolsVersion = 9.3;
					};
					190703E020934EB700B743A1 = {
						CreatedOnToolsVersion = 9.3;
						TestTargetID = 190703CC20934EA800B743A1;
					};
					190703EB20934EB700B743A1 = {
						CreatedOnToolsVersion = 9.3;
						TestTargetID = 190703CC20934EA800B743A1;
					};
				};
			};
			buildConfigurationList = 190703C820934EA800B743A1 /* Build configuration list for PBXProject "Training" */;
			compatibilityVersion = "Xcode 9.3";
			developmentRegion = en;
			hasScannedForEncodings = 0;
			knownRegions = (
				en,
				Base,
			);
			mainGroup = 190703C420934EA800B743A1;
			productRefGroup = 190703CE20934EA800B743A1 /* Products */;
			projectDirPath = "";
			projectRoot = "";
			targets = (
				190703CC20934EA800B743A1 /* Training */,
				190703E020934EB700B743A1 /* TrainingTests */,
				190703EB20934EB700B743A1 /* TrainingUITests */,
			);
		};
/* End PBXProject section */

/* Begin PBXResourcesBuildPhase section */
		190703CB20934EA800B743A1 /* Resources */ = {
			isa = PBXResourcesBuildPhase;
			buildActionMask = 2147483647;
			files = (
				19E4CFC120943FF400FD129E /* Lyrics.txt in Resources */,
				190703DB20934EB700B743A1 /* LaunchScreen.storyboard in Resources */,
				190703D820934EB700B743A1 /* Assets.xcassets in Resources */,
				1910D54A209615110006A563 /* First.storyboard in Resources */,
			);
			runOnlyForDeploymentPostprocessing = 0;
		};
		190703DF20934EB700B743A1 /* Resources */ = {
			isa = PBXResourcesBuildPhase;
			buildActionMask = 2147483647;
			files = (
			);
			runOnlyForDeploymentPostprocessing = 0;
		};
		190703EA20934EB700B743A1 /* Resources */ = {
			isa = PBXResourcesBuildPhase;
			buildActionMask = 2147483647;
			files = (
			);
			runOnlyForDeploymentPostprocessing = 0;
		};
/* End PBXResourcesBuildPhase section */

/* Begin PBXSourcesBuildPhase section */
		190703C920934EA800B743A1 /* Sources */ = {
			isa = PBXSourcesBuildPhase;
			buildActionMask = 2147483647;
			files = (
				1910D54C209616640006A563 /* FirstViewController.swift in Sources */,
				19173ACC209B2A5D00CFA08F /* FirstView.swift in Sources */,
				1958C5122095701900F61913 /* TestLabel.swift in Sources */,
				1910D558209626780006A563 /* NextButton.swift in Sources */,
				1942FDE32096CE7D00582E27 /* PrevButton.swift in Sources */,
				190703D120934EA800B743A1 /* AppDelegate.swift in Sources */,
			);
			runOnlyForDeploymentPostprocessing = 0;
		};
		190703DD20934EB700B743A1 /* Sources */ = {
			isa = PBXSourcesBuildPhase;
			buildActionMask = 2147483647;
			files = (
				190703E620934EB700B743A1 /* TrainingTests.swift in Sources */,
			);
			runOnlyForDeploymentPostprocessing = 0;
		};
		190703E820934EB700B743A1 /* Sources */ = {
			isa = PBXSourcesBuildPhase;
			buildActionMask = 2147483647;
			files = (
				190703F120934EB700B743A1 /* TrainingUITests.swift in Sources */,
			);
			runOnlyForDeploymentPostprocessing = 0;
		};
/* End PBXSourcesBuildPhase section */

/* Begin PBXTargetDependency section */
		190703E320934EB700B743A1 /* PBXTargetDependency */ = {
			isa = PBXTargetDependency;
			target = 190703CC20934EA800B743A1 /* Training */;
			targetProxy = 190703E220934EB700B743A1 /* PBXContainerItemProxy */;
		};
		190703EE20934EB700B743A1 /* PBXTargetDependency */ = {
			isa = PBXTargetDependency;
			target = 190703CC20934EA800B743A1 /* Training */;
			targetProxy = 190703ED20934EB700B743A1 /* PBXContainerItemProxy */;
		};
/* End PBXTargetDependency section */

/* Begin PBXVariantGroup section */
		190703D920934EB700B743A1 /* LaunchScreen.storyboard */ = {
			isa = PBXVariantGroup;
			children = (
				190703DA20934EB700B743A1 /* Base */,
			);
			name = LaunchScreen.storyboard;
			sourceTree = "<group>";
		};
/* End PBXVariantGroup section */

/* Begin XCBuildConfiguration section */
		190703F320934EB700B743A1 /* Debug */ = {
			isa = XCBuildConfiguration;
			buildSettings = {
				ALWAYS_SEARCH_USER_PATHS = NO;
				CLANG_ANALYZER_NONNULL = YES;
				CLANG_ANALYZER_NUMBER_OBJECT_CONVERSION = YES_AGGRESSIVE;
				CLANG_CXX_LANGUAGE_STANDARD = "gnu++14";
				CLANG_CXX_LIBRARY = "libc++";
				CLANG_ENABLE_MODULES = YES;
				CLANG_ENABLE_OBJC_ARC = YES;
				CLANG_ENABLE_OBJC_WEAK = YES;
				CLANG_WARN_BLOCK_CAPTURE_AUTORELEASING = YES;
				CLANG_WARN_BOOL_CONVERSION = YES;
				CLANG_WARN_COMMA = YES;
				CLANG_WARN_CONSTANT_CONVERSION = YES;
				CLANG_WARN_DEPRECATED_OBJC_IMPLEMENTATIONS = YES;
				CLANG_WARN_DIRECT_OBJC_ISA_USAGE = YES_ERROR;
				CLANG_WARN_DOCUMENTATION_COMMENTS = YES;
				CLANG_WARN_EMPTY_BODY = YES;
				CLANG_WARN_ENUM_CONVERSION = YES;
				CLANG_WARN_INFINITE_RECURSION = YES;
				CLANG_WARN_INT_CONVERSION = YES;
				CLANG_WARN_NON_LITERAL_NULL_CONVERSION = YES;
				CLANG_WARN_OBJC_IMPLICIT_RETAIN_SELF = YES;
				CLANG_WARN_OBJC_LITERAL_CONVERSION = YES;
				CLANG_WARN_OBJC_ROOT_CLASS = YES_ERROR;
				CLANG_WARN_RANGE_LOOP_ANALYSIS = YES;
				CLANG_WARN_STRICT_PROTOTYPES = YES;
				CLANG_WARN_SUSPICIOUS_MOVE = YES;
				CLANG_WARN_UNGUARDED_AVAILABILITY = YES_AGGRESSIVE;
				CLANG_WARN_UNREACHABLE_CODE = YES;
				CLANG_WARN__DUPLICATE_METHOD_MATCH = YES;
				CODE_SIGN_IDENTITY = "iPhone Developer";
				COPY_PHASE_STRIP = NO;
				DEBUG_INFORMATION_FORMAT = dwarf;
				ENABLE_STRICT_OBJC_MSGSEND = YES;
				ENABLE_TESTABILITY = YES;
				GCC_C_LANGUAGE_STANDARD = gnu11;
				GCC_DYNAMIC_NO_PIC = NO;
				GCC_NO_COMMON_BLOCKS = YES;
				GCC_OPTIMIZATION_LEVEL = 0;
				GCC_PREPROCESSOR_DEFINITIONS = (
					"DEBUG=1",
					"$(inherited)",
				);
				GCC_WARN_64_TO_32_BIT_CONVERSION = YES;
				GCC_WARN_ABOUT_RETURN_TYPE = YES_ERROR;
				GCC_WARN_UNDECLARED_SELECTOR = YES;
				GCC_WARN_UNINITIALIZED_AUTOS = YES_AGGRESSIVE;
				GCC_WARN_UNUSED_FUNCTION = YES;
				GCC_WARN_UNUSED_VALUE = YES;
				GCC_WARN_UNUSED_VARIABLE = YES;
				IPHONEOS_DEPLOYMENT_TARGET = 11.3;
				MTL_ENABLE_DEBUG_INFO = YES;
				ONLY_ACTIVE_ARCH = YES;
				SDKROOT = iphoneos;
				SWIFT_ACTIVE_COMPILATION_CONDITIONS = DEBUG;
				SWIFT_OPTIMIZATION_LEVEL = "-Onone";
			};
			name = Debug;
		};
		190703F420934EB700B743A1 /* Release */ = {
			isa = XCBuildConfiguration;
			buildSettings = {
				ALWAYS_SEARCH_USER_PATHS = NO;
				CLANG_ANALYZER_NONNULL = YES;
				CLANG_ANALYZER_NUMBER_OBJECT_CONVERSION = YES_AGGRESSIVE;
				CLANG_CXX_LANGUAGE_STANDARD = "gnu++14";
				CLANG_CXX_LIBRARY = "libc++";
				CLANG_ENABLE_MODULES = YES;
				CLANG_ENABLE_OBJC_ARC = YES;
				CLANG_ENABLE_OBJC_WEAK = YES;
				CLANG_WARN_BLOCK_CAPTURE_AUTORELEASING = YES;
				CLANG_WARN_BOOL_CONVERSION = YES;
				CLANG_WARN_COMMA = YES;
				CLANG_WARN_CONSTANT_CONVERSION = YES;
				CLANG_WARN_DEPRECATED_OBJC_IMPLEMENTATIONS = YES;
				CLANG_WARN_DIRECT_OBJC_ISA_USAGE = YES_ERROR;
				CLANG_WARN_DOCUMENTATION_COMMENTS = YES;
				CLANG_WARN_EMPTY_BODY = YES;
				CLANG_WARN_ENUM_CONVERSION = YES;
				CLANG_WARN_INFINITE_RECURSION = YES;
				CLANG_WARN_INT_CONVERSION = YES;
				CLANG_WARN_NON_LITERAL_NULL_CONVERSION = YES;
				CLANG_WARN_OBJC_IMPLICIT_RETAIN_SELF = YES;
				CLANG_WARN_OBJC_LITERAL_CONVERSION = YES;
				CLANG_WARN_OBJC_ROOT_CLASS = YES_ERROR;
				CLANG_WARN_RANGE_LOOP_ANALYSIS = YES;
				CLANG_WARN_STRICT_PROTOTYPES = YES;
				CLANG_WARN_SUSPICIOUS_MOVE = YES;
				CLANG_WARN_UNGUARDED_AVAILABILITY = YES_AGGRESSIVE;
				CLANG_WARN_UNREACHABLE_CODE = YES;
				CLANG_WARN__DUPLICATE_METHOD_MATCH = YES;
				CODE_SIGN_IDENTITY = "iPhone Developer";
				COPY_PHASE_STRIP = NO;
				DEBUG_INFORMATION_FORMAT = "dwarf-with-dsym";
				ENABLE_NS_ASSERTIONS = NO;
				ENABLE_STRICT_OBJC_MSGSEND = YES;
				GCC_C_LANGUAGE_STANDARD = gnu11;
				GCC_NO_COMMON_BLOCKS = YES;
				GCC_WARN_64_TO_32_BIT_CONVERSION = YES;
				GCC_WARN_ABOUT_RETURN_TYPE = YES_ERROR;
				GCC_WARN_UNDECLARED_SELECTOR = YES;
				GCC_WARN_UNINITIALIZED_AUTOS = YES_AGGRESSIVE;
				GCC_WARN_UNUSED_FUNCTION = YES;
				GCC_WARN_UNUSED_VALUE = YES;
				GCC_WARN_UNUSED_VARIABLE = YES;
				IPHONEOS_DEPLOYMENT_TARGET = 11.3;
				MTL_ENABLE_DEBUG_INFO = NO;
				SDKROOT = iphoneos;
				SWIFT_COMPILATION_MODE = wholemodule;
				SWIFT_OPTIMIZATION_LEVEL = "-O";
				VALIDATE_PRODUCT = YES;
			};
			name = Release;
		};
		190703F620934EB700B743A1 /* Debug */ = {
			isa = XCBuildConfiguration;
			buildSettings = {
				ASSETCATALOG_COMPILER_APPICON_NAME = AppIcon;
				CODE_SIGN_STYLE = Automatic;
				DEVELOPMENT_TEAM = 9VLWV4N2LW;
				GCC_WARN_UNUSED_VALUE = YES;
				INFOPLIST_FILE = Training/Info.plist;
				LD_RUNPATH_SEARCH_PATHS = (
					"$(inherited)",
					"@executable_path/Frameworks",
				);
				PRODUCT_BUNDLE_IDENTIFIER = spadiren.Training;
				PRODUCT_NAME = "$(TARGET_NAME)";
				SWIFT_VERSION = 4.0;
				TARGETED_DEVICE_FAMILY = 1;
			};
			name = Debug;
		};
		190703F720934EB700B743A1 /* Release */ = {
			isa = XCBuildConfiguration;
			buildSettings = {
				ASSETCATALOG_COMPILER_APPICON_NAME = AppIcon;
				CODE_SIGN_STYLE = Automatic;
				DEVELOPMENT_TEAM = 9VLWV4N2LW;
				GCC_WARN_UNUSED_VALUE = YES;
				INFOPLIST_FILE = Training/Info.plist;
				LD_RUNPATH_SEARCH_PATHS = (
					"$(inherited)",
					"@executable_path/Frameworks",
				);
				PRODUCT_BUNDLE_IDENTIFIER = spadiren.Training;
				PRODUCT_NAME = "$(TARGET_NAME)";
				SWIFT_VERSION = 4.0;
				TARGETED_DEVICE_FAMILY = 1;
			};
			name = Release;
		};
		190703F920934EB700B743A1 /* Debug */ = {
			isa = XCBuildConfiguration;
			buildSettings = {
				ALWAYS_EMBED_SWIFT_STANDARD_LIBRARIES = YES;
				BUNDLE_LOADER = "$(TEST_HOST)";
				CODE_SIGN_STYLE = Automatic;
				DEVELOPMENT_TEAM = 9VLWV4N2LW;
				INFOPLIST_FILE = TrainingTests/Info.plist;
				LD_RUNPATH_SEARCH_PATHS = (
					"$(inherited)",
					"@executable_path/Frameworks",
					"@loader_path/Frameworks",
				);
				PRODUCT_BUNDLE_IDENTIFIER = spadiren.TrainingTests;
				PRODUCT_NAME = "$(TARGET_NAME)";
				SWIFT_VERSION = 4.0;
				TARGETED_DEVICE_FAMILY = "1,2";
				TEST_HOST = "$(BUILT_PRODUCTS_DIR)/Training.app/Training";
			};
			name = Debug;
		};
		190703FA20934EB700B743A1 /* Release */ = {
			isa = XCBuildConfiguration;
			buildSettings = {
				ALWAYS_EMBED_SWIFT_STANDARD_LIBRARIES = YES;
				BUNDLE_LOADER = "$(TEST_HOST)";
				CODE_SIGN_STYLE = Automatic;
				DEVELOPMENT_TEAM = 9VLWV4N2LW;
				INFOPLIST_FILE = TrainingTests/Info.plist;
				LD_RUNPATH_SEARCH_PATHS = (
					"$(inherited)",
					"@executable_path/Frameworks",
					"@loader_path/Frameworks",
				);
				PRODUCT_BUNDLE_IDENTIFIER = spadiren.TrainingTests;
				PRODUCT_NAME = "$(TARGET_NAME)";
				SWIFT_VERSION = 4.0;
				TARGETED_DEVICE_FAMILY = "1,2";
				TEST_HOST = "$(BUILT_PRODUCTS_DIR)/Training.app/Training";
			};
			name = Release;
		};
		190703FC20934EB700B743A1 /* Debug */ = {
			isa = XCBuildConfiguration;
			buildSettings = {
				ALWAYS_EMBED_SWIFT_STANDARD_LIBRARIES = YES;
				CODE_SIGN_STYLE = Automatic;
				DEVELOPMENT_TEAM = 9VLWV4N2LW;
				INFOPLIST_FILE = TrainingUITests/Info.plist;
				LD_RUNPATH_SEARCH_PATHS = (
					"$(inherited)",
					"@executable_path/Frameworks",
					"@loader_path/Frameworks",
				);
				PRODUCT_BUNDLE_IDENTIFIER = spadiren.TrainingUITests;
				PRODUCT_NAME = "$(TARGET_NAME)";
				SWIFT_VERSION = 4.0;
				TARGETED_DEVICE_FAMILY = "1,2";
				TEST_TARGET_NAME = Training;
			};
			name = Debug;
		};
		190703FD20934EB700B743A1 /* Release */ = {
			isa = XCBuildConfiguration;
			buildSettings = {
				ALWAYS_EMBED_SWIFT_STANDARD_LIBRARIES = YES;
				CODE_SIGN_STYLE = Automatic;
				DEVELOPMENT_TEAM = 9VLWV4N2LW;
				INFOPLIST_FILE = TrainingUITests/Info.plist;
				LD_RUNPATH_SEARCH_PATHS = (
					"$(inherited)",
					"@executable_path/Frameworks",
					"@loader_path/Frameworks",
				);
				PRODUCT_BUNDLE_IDENTIFIER = spadiren.TrainingUITests;
				PRODUCT_NAME = "$(TARGET_NAME)";
				SWIFT_VERSION = 4.0;
				TARGETED_DEVICE_FAMILY = "1,2";
				TEST_TARGET_NAME = Training;
			};
			name = Release;
		};
/* End XCBuildConfiguration section */

/* Begin XCConfigurationList section */
		190703C820934EA800B743A1 /* Build configuration list for PBXProject "Training" */ = {
			isa = XCConfigurationList;
			buildConfigurations = (
				190703F320934EB700B743A1 /* Debug */,
				190703F420934EB700B743A1 /* Release */,
			);
			defaultConfigurationIsVisible = 0;
			defaultConfigurationName = Release;
		};
		190703F520934EB700B743A1 /* Build configuration list for PBXNativeTarget "Training" */ = {
			isa = XCConfigurationList;
			buildConfigurations = (
				190703F620934EB700B743A1 /* Debug */,
				190703F720934EB700B743A1 /* Release */,
			);
			defaultConfigurationIsVisible = 0;
			defaultConfigurationName = Release;
		};
		190703F820934EB700B743A1 /* Build configuration list for PBXNativeTarget "TrainingTests" */ = {
			isa = XCConfigurationList;
			buildConfigurations = (
				190703F920934EB700B743A1 /* Debug */,
				190703FA20934EB700B743A1 /* Release */,
			);
			defaultConfigurationIsVisible = 0;
			defaultConfigurationName = Release;
		};
		190703FB20934EB700B743A1 /* Build configuration list for PBXNativeTarget "TrainingUITests" */ = {
			isa = XCConfigurationList;
			buildConfigurations = (
				190703FC20934EB700B743A1 /* Debug */,
				190703FD20934EB700B743A1 /* Release */,
			);
			defaultConfigurationIsVisible = 0;
			defaultConfigurationName = Release;
		};
/* End XCConfigurationList section */
	};
	rootObject = 190703C520934EA800B743A1 /* Project object */;
}
